
Microsoft Visual Studio Solution File, Format Version 12.00
# Visual Studio Version 17
VisualStudioVersion = 17.10.35013.160
MinimumVisualStudioVersion = 10.0.40219.1
Project("{FAE04EC0-301F-11D3-BF4B-00C04F79EFBC}") = "LAB_10_OOP", "LAB_10_OOP\LAB_10_OOP.csproj", "{279D194A-24D1-46D6-8763-E5FEA675D484}"
EndProject
Global
	GlobalSection(SolutionConfigurationPlatforms) = preSolution
		Debug|Any CPU = Debug|Any CPU
		Release|Any CPU = Release|Any CPU
	EndGlobalSection
	GlobalSection(ProjectConfigurationPlatforms) = postSolution
		{279D194A-24D1-46D6-8763-E5FEA675D484}.Debug|Any CPU.ActiveCfg = Debug|Any CPU
		{279D194A-24D1-46D6-8763-E5FEA675D484}.Debug|Any CPU.Build.0 = Debug|Any CPU
		{279D194A-24D1-46D6-8763-E5FEA675D484}.Release|Any CPU.ActiveCfg = Release|Any CPU
		{279D194A-24D1-46D6-8763-E5FEA675D484}.Release|Any CPU.Build.0 = Release|Any CPU
	EndGlobalSection
	GlobalSection(SolutionProperties) = preSolution
		HideSolutionNode = FALSE
	EndGlobalSection
	GlobalSection(ExtensibilityGlobals) = postSolution
		SolutionGuid = {7D69DCF0-335E-4670-8170-F678FF69F4FF}
	EndGlobalSection
EndGlobal
