
Microsoft Visual Studio Solution File, Format Version 12.00
# Visual Studio Version 17
VisualStudioVersion = 17.10.35013.160
MinimumVisualStudioVersion = 10.0.40219.1
Project("{FAE04EC0-301F-11D3-BF4B-00C04F79EFBC}") = "LAB_11_OOP", "LAB_11_OOP\LAB_11_OOP.csproj", "{F3F97CDD-AA91-4627-9541-6C0BE02664D2}"
EndProject
Global
	GlobalSection(SolutionConfigurationPlatforms) = preSolution
		Debug|Any CPU = Debug|Any CPU
		Release|Any CPU = Release|Any CPU
	EndGlobalSection
	GlobalSection(ProjectConfigurationPlatforms) = postSolution
		{F3F97CDD-AA91-4627-9541-6C0BE02664D2}.Debug|Any CPU.ActiveCfg = Debug|Any CPU
		{F3F97CDD-AA91-4627-9541-6C0BE02664D2}.Debug|Any CPU.Build.0 = Debug|Any CPU
		{F3F97CDD-AA91-4627-9541-6C0BE02664D2}.Release|Any CPU.ActiveCfg = Release|Any CPU
		{F3F97CDD-AA91-4627-9541-6C0BE02664D2}.Release|Any CPU.Build.0 = Release|Any CPU
	EndGlobalSection
	GlobalSection(SolutionProperties) = preSolution
		HideSolutionNode = FALSE
	EndGlobalSection
	GlobalSection(ExtensibilityGlobals) = postSolution
		SolutionGuid = {73011090-FF6B-454A-A2FA-6CC4793F9820}
	EndGlobalSection
EndGlobal
